
Microsoft Visual Studio Solution File, Format Version 12.00
# Visual Studio Version 17
VisualStudioVersion = 17.4.33205.214
MinimumVisualStudioVersion = 10.0.40219.1
Project("{2150E333-8FDC-42A3-9474-1A3956D46DE8}") = "src", "src", "{436FFCE9-9704-4930-B30F-395520D834A2}"
EndProject
Project("{9A19103F-16F7-4668-BE54-9A1E7A4F7556}") = "WebClient", "WebClient\WebClient.csproj", "{4216D2E3-9E64-4A1E-B5E0-201C839DB888}"
EndProject
Project("{9A19103F-16F7-4668-BE54-9A1E7A4F7556}") = "RESTFul", "RESTFul\RESTFul.csproj", "{75613ADD-E39E-4932-AAD3-18E4E41826BC}"
EndProject
Project("{9A19103F-16F7-4668-BE54-9A1E7A4F7556}") = "DataPersistence", "Persistence\DataPersistence.csproj", "{4009CAFE-B736-4C61-88A0-949CA056277B}"
EndProject
Project("{9A19103F-16F7-4668-BE54-9A1E7A4F7556}") = "DomainModel", "Model\DomainModel.csproj", "{6C181383-EBA1-43F1-AAA0-1F80BE4FED10}"
EndProject
Project("{9A19103F-16F7-4668-BE54-9A1E7A4F7556}") = "AppliationService", "AppliationService\AppliationService.csproj", "{47502572-9BB5-46E5-AC10-E0C2E2629B78}"
EndProject
Project("{9A19103F-16F7-4668-BE54-9A1E7A4F7556}") = "DataTransferObjects", "DataTransferObjects\DataTransferObjects.csproj", "{74FB2982-618C-4552-BD6B-8828F5BB9FC2}"
EndProject
Global
	GlobalSection(SolutionConfigurationPlatforms) = preSolution
		Debug|Any CPU = Debug|Any CPU
		Release|Any CPU = Release|Any CPU
	EndGlobalSection
	GlobalSection(ProjectConfigurationPlatforms) = postSolution
		{4216D2E3-9E64-4A1E-B5E0-201C839DB888}.Debug|Any CPU.ActiveCfg = Debug|Any CPU
		{4216D2E3-9E64-4A1E-B5E0-201C839DB888}.Debug|Any CPU.Build.0 = Debug|Any CPU
		{4216D2E3-9E64-4A1E-B5E0-201C839DB888}.Release|Any CPU.ActiveCfg = Release|Any CPU
		{4216D2E3-9E64-4A1E-B5E0-201C839DB888}.Release|Any CPU.Build.0 = Release|Any CPU
		{75613ADD-E39E-4932-AAD3-18E4E41826BC}.Debug|Any CPU.ActiveCfg = Debug|Any CPU
		{75613ADD-E39E-4932-AAD3-18E4E41826BC}.Debug|Any CPU.Build.0 = Debug|Any CPU
		{75613ADD-E39E-4932-AAD3-18E4E41826BC}.Release|Any CPU.ActiveCfg = Release|Any CPU
		{75613ADD-E39E-4932-AAD3-18E4E41826BC}.Release|Any CPU.Build.0 = Release|Any CPU
		{4009CAFE-B736-4C61-88A0-949CA056277B}.Debug|Any CPU.ActiveCfg = Debug|Any CPU
		{4009CAFE-B736-4C61-88A0-949CA056277B}.Debug|Any CPU.Build.0 = Debug|Any CPU
		{4009CAFE-B736-4C61-88A0-949CA056277B}.Release|Any CPU.ActiveCfg = Release|Any CPU
		{4009CAFE-B736-4C61-88A0-949CA056277B}.Release|Any CPU.Build.0 = Release|Any CPU
		{6C181383-EBA1-43F1-AAA0-1F80BE4FED10}.Debug|Any CPU.ActiveCfg = Debug|Any CPU
		{6C181383-EBA1-43F1-AAA0-1F80BE4FED10}.Debug|Any CPU.Build.0 = Debug|Any CPU
		{6C181383-EBA1-43F1-AAA0-1F80BE4FED10}.Release|Any CPU.ActiveCfg = Release|Any CPU
		{6C181383-EBA1-43F1-AAA0-1F80BE4FED10}.Release|Any CPU.Build.0 = Release|Any CPU
		{47502572-9BB5-46E5-AC10-E0C2E2629B78}.Debug|Any CPU.ActiveCfg = Debug|Any CPU
		{47502572-9BB5-46E5-AC10-E0C2E2629B78}.Debug|Any CPU.Build.0 = Debug|Any CPU
		{47502572-9BB5-46E5-AC10-E0C2E2629B78}.Release|Any CPU.ActiveCfg = Release|Any CPU
		{47502572-9BB5-46E5-AC10-E0C2E2629B78}.Release|Any CPU.Build.0 = Release|Any CPU
		{74FB2982-618C-4552-BD6B-8828F5BB9FC2}.Debug|Any CPU.ActiveCfg = Debug|Any CPU
		{74FB2982-618C-4552-BD6B-8828F5BB9FC2}.Debug|Any CPU.Build.0 = Debug|Any CPU
		{74FB2982-618C-4552-BD6B-8828F5BB9FC2}.Release|Any CPU.ActiveCfg = Release|Any CPU
		{74FB2982-618C-4552-BD6B-8828F5BB9FC2}.Release|Any CPU.Build.0 = Release|Any CPU
	EndGlobalSection
	GlobalSection(SolutionProperties) = preSolution
		HideSolutionNode = FALSE
	EndGlobalSection
	GlobalSection(NestedProjects) = preSolution
		{4216D2E3-9E64-4A1E-B5E0-201C839DB888} = {436FFCE9-9704-4930-B30F-395520D834A2}
		{75613ADD-E39E-4932-AAD3-18E4E41826BC} = {436FFCE9-9704-4930-B30F-395520D834A2}
		{4009CAFE-B736-4C61-88A0-949CA056277B} = {436FFCE9-9704-4930-B30F-395520D834A2}
		{6C181383-EBA1-43F1-AAA0-1F80BE4FED10} = {436FFCE9-9704-4930-B30F-395520D834A2}
		{47502572-9BB5-46E5-AC10-E0C2E2629B78} = {436FFCE9-9704-4930-B30F-395520D834A2}
		{74FB2982-618C-4552-BD6B-8828F5BB9FC2} = {436FFCE9-9704-4930-B30F-395520D834A2}
	EndGlobalSection
	GlobalSection(ExtensibilityGlobals) = postSolution
		SolutionGuid = {D046DE8F-9790-46C1-BC14-8FEA40F774E6}
	EndGlobalSection
EndGlobal
